// !$*UTF8*$!
{
	archiveVersion = 1;
	classes = {
	};
	objectVersion = 48;
	objects = {

/* Begin PBXBuildFile section */
		F003D5A420BAB8BD00D046B2 /* Repair.swift in Sources */ = {isa = PBXBuildFile; fileRef = F003D5A320BAB8BD00D046B2 /* Repair.swift */; };
		F0234DB020BF555A004AF740 /* NavigationViewController.swift in Sources */ = {isa = PBXBuildFile; fileRef = F0234DAF20BF555A004AF740 /* NavigationViewController.swift */; };
		F0234DB220BF5779004AF740 /* MainARViewController.swift in Sources */ = {isa = PBXBuildFile; fileRef = F0234DB120BF5779004AF740 /* MainARViewController.swift */; };
		F0234DB420BF6514004AF740 /* fredokaFont.plist in Resources */ = {isa = PBXBuildFile; fileRef = F0234DB320BF6514004AF740 /* fredokaFont.plist */; };
		F0234DB620BF65CD004AF740 /* ScaledFont.swift in Sources */ = {isa = PBXBuildFile; fileRef = F0234DB520BF65CD004AF740 /* ScaledFont.swift */; };
		F0234DB820BF6972004AF740 /* EdgeInsetLabel.swift in Sources */ = {isa = PBXBuildFile; fileRef = F0234DB720BF6972004AF740 /* EdgeInsetLabel.swift */; };
		F0234DBA20C0A052004AF740 /* ChoiceViewController.swift in Sources */ = {isa = PBXBuildFile; fileRef = F0234DB920C0A052004AF740 /* ChoiceViewController.swift */; };
		F04D5B8C2097DB38001A3570 /* Assets.xcassets in Resources */ = {isa = PBXBuildFile; fileRef = F04D5B8B2097DB38001A3570 /* Assets.xcassets */; };
		F069FA2820C434FD00708CA8 /* BlurTitleViewController.swift in Sources */ = {isa = PBXBuildFile; fileRef = F069FA2720C434FD00708CA8 /* BlurTitleViewController.swift */; };
		F0892A9620A74EC100A1120D /* tableau-cropped.jpg in Resources */ = {isa = PBXBuildFile; fileRef = F0892A9520A74EC000A1120D /* tableau-cropped.jpg */; };
		F0892A9820A757F200A1120D /* SwitchBoard.swift in Sources */ = {isa = PBXBuildFile; fileRef = F0892A9720A757F200A1120D /* SwitchBoard.swift */; };
		F0892A9A20A8497B00A1120D /* FredokaOne-Regular.ttf in Resources */ = {isa = PBXBuildFile; fileRef = F0892A9920A8497A00A1120D /* FredokaOne-Regular.ttf */; };
		F0892A9D20A8C8BD00A1120D /* RoundedButton.swift in Sources */ = {isa = PBXBuildFile; fileRef = F0892A9C20A8C8BD00A1120D /* RoundedButton.swift */; };
		F0892A9F20A8CC4600A1120D /* TitleViewController.swift in Sources */ = {isa = PBXBuildFile; fileRef = F0892A9E20A8CC4600A1120D /* TitleViewController.swift */; };
		F08F02FB20963364007AAC48 /* Extensions.swift in Sources */ = {isa = PBXBuildFile; fileRef = F08F02FA20963364007AAC48 /* Extensions.swift */; };
		F0B2CD4820A602B700A225E9 /* .gitignore in Resources */ = {isa = PBXBuildFile; fileRef = F0B2CD4720A602B700A225E9 /* .gitignore */; };
		F0B8614120CFFD9300C0D8C9 /* MenuPopoverViewController.swift in Sources */ = {isa = PBXBuildFile; fileRef = F0B8614020CFFD9300C0D8C9 /* MenuPopoverViewController.swift */; };
		F0D69BFB206D02C500581344 /* AppDelegate.swift in Sources */ = {isa = PBXBuildFile; fileRef = F0D69BFA206D02C500581344 /* AppDelegate.swift */; };
		F0D69BFD206D02C500581344 /* art.scnassets in Resources */ = {isa = PBXBuildFile; fileRef = F0D69BFC206D02C500581344 /* art.scnassets */; };
		F0D69BFF206D02C500581344 /* ARViewController.swift in Sources */ = {isa = PBXBuildFile; fileRef = F0D69BFE206D02C500581344 /* ARViewController.swift */; };
		F0D69C02206D02C500581344 /* Main.storyboard in Resources */ = {isa = PBXBuildFile; fileRef = F0D69C00206D02C500581344 /* Main.storyboard */; };
		F0D69C07206D02C500581344 /* LaunchScreen.storyboard in Resources */ = {isa = PBXBuildFile; fileRef = F0D69C05206D02C500581344 /* LaunchScreen.storyboard */; };
		F0F2E46420CADC700016F630 /* RepairActions.swift in Sources */ = {isa = PBXBuildFile; fileRef = F0F2E46320CADC700016F630 /* RepairActions.swift */; };
/* End PBXBuildFile section */

/* Begin PBXFileReference section */
		F003D5A320BAB8BD00D046B2 /* Repair.swift */ = {isa = PBXFileReference; lastKnownFileType = sourcecode.swift; path = Repair.swift; sourceTree = "<group>"; };
		F0234DAF20BF555A004AF740 /* NavigationViewController.swift */ = {isa = PBXFileReference; lastKnownFileType = sourcecode.swift; path = NavigationViewController.swift; sourceTree = "<group>"; };
		F0234DB120BF5779004AF740 /* MainARViewController.swift */ = {isa = PBXFileReference; lastKnownFileType = sourcecode.swift; path = MainARViewController.swift; sourceTree = "<group>"; };
		F0234DB320BF6514004AF740 /* fredokaFont.plist */ = {isa = PBXFileReference; lastKnownFileType = text.plist.xml; path = fredokaFont.plist; sourceTree = "<group>"; };
		F0234DB520BF65CD004AF740 /* ScaledFont.swift */ = {isa = PBXFileReference; lastKnownFileType = sourcecode.swift; path = ScaledFont.swift; sourceTree = "<group>"; };
		F0234DB720BF6972004AF740 /* EdgeInsetLabel.swift */ = {isa = PBXFileReference; lastKnownFileType = sourcecode.swift; path = EdgeInsetLabel.swift; sourceTree = "<group>"; };
		F0234DB920C0A052004AF740 /* ChoiceViewController.swift */ = {isa = PBXFileReference; lastKnownFileType = sourcecode.swift; path = ChoiceViewController.swift; sourceTree = "<group>"; };
		F04D5B8B2097DB38001A3570 /* Assets.xcassets */ = {isa = PBXFileReference; lastKnownFileType = folder.assetcatalog; path = Assets.xcassets; sourceTree = "<group>"; };
		F069FA2720C434FD00708CA8 /* BlurTitleViewController.swift */ = {isa = PBXFileReference; lastKnownFileType = sourcecode.swift; path = BlurTitleViewController.swift; sourceTree = "<group>"; };
		F0892A9520A74EC000A1120D /* tableau-cropped.jpg */ = {isa = PBXFileReference; lastKnownFileType = image.jpeg; path = "tableau-cropped.jpg"; sourceTree = "<group>"; };
		F0892A9720A757F200A1120D /* SwitchBoard.swift */ = {isa = PBXFileReference; lastKnownFileType = sourcecode.swift; path = SwitchBoard.swift; sourceTree = "<group>"; };
		F0892A9920A8497A00A1120D /* FredokaOne-Regular.ttf */ = {isa = PBXFileReference; lastKnownFileType = file; path = "FredokaOne-Regular.ttf"; sourceTree = "<group>"; };
		F0892A9C20A8C8BD00A1120D /* RoundedButton.swift */ = {isa = PBXFileReference; lastKnownFileType = sourcecode.swift; path = RoundedButton.swift; sourceTree = "<group>"; };
		F0892A9E20A8CC4600A1120D /* TitleViewController.swift */ = {isa = PBXFileReference; lastKnownFileType = sourcecode.swift; path = TitleViewController.swift; sourceTree = "<group>"; };
		F08F02FA20963364007AAC48 /* Extensions.swift */ = {isa = PBXFileReference; lastKnownFileType = sourcecode.swift; path = Extensions.swift; sourceTree = "<group>"; };
		F0B2CD4720A602B700A225E9 /* .gitignore */ = {isa = PBXFileReference; lastKnownFileType = text; path = .gitignore; sourceTree = "<group>"; };
		F0B8614020CFFD9300C0D8C9 /* MenuPopoverViewController.swift */ = {isa = PBXFileReference; lastKnownFileType = sourcecode.swift; path = MenuPopoverViewController.swift; sourceTree = "<group>"; };
		F0D69BF7206D02C500581344 /* RepAR.app */ = {isa = PBXFileReference; explicitFileType = wrapper.application; includeInIndex = 0; path = RepAR.app; sourceTree = BUILT_PRODUCTS_DIR; };
		F0D69BFA206D02C500581344 /* AppDelegate.swift */ = {isa = PBXFileReference; lastKnownFileType = sourcecode.swift; path = AppDelegate.swift; sourceTree = "<group>"; };
		F0D69BFC206D02C500581344 /* art.scnassets */ = {isa = PBXFileReference; lastKnownFileType = wrapper.scnassets; path = art.scnassets; sourceTree = "<group>"; };
		F0D69BFE206D02C500581344 /* ARViewController.swift */ = {isa = PBXFileReference; lastKnownFileType = sourcecode.swift; path = ARViewController.swift; sourceTree = "<group>"; };
		F0D69C01206D02C500581344 /* Base */ = {isa = PBXFileReference; lastKnownFileType = file.storyboard; name = Base; path = Base.lproj/Main.storyboard; sourceTree = "<group>"; };
		F0D69C06206D02C500581344 /* Base */ = {isa = PBXFileReference; lastKnownFileType = file.storyboard; name = Base; path = Base.lproj/LaunchScreen.storyboard; sourceTree = "<group>"; };
		F0D69C08206D02C500581344 /* Info.plist */ = {isa = PBXFileReference; lastKnownFileType = text.plist.xml; path = Info.plist; sourceTree = "<group>"; };
		F0F2E46320CADC700016F630 /* RepairActions.swift */ = {isa = PBXFileReference; lastKnownFileType = sourcecode.swift; path = RepairActions.swift; sourceTree = "<group>"; };
		F0F6649E20A652C400352698 /* README.md */ = {isa = PBXFileReference; lastKnownFileType = net.daringfireball.markdown; name = README.md; path = "/Users/Guillaume/Documents/Scolaire/A3/project/RepAR-opencv/README.md"; sourceTree = "<absolute>"; };
/* End PBXFileReference section */

/* Begin PBXFrameworksBuildPhase section */
		F0D69BF4206D02C500581344 /* Frameworks */ = {
			isa = PBXFrameworksBuildPhase;
			buildActionMask = 2147483647;
			files = (
			);
			runOnlyForDeploymentPostprocessing = 0;
		};
/* End PBXFrameworksBuildPhase section */

/* Begin PBXGroup section */
		F0234DAC20BF54F7004AF740 /* model */ = {
			isa = PBXGroup;
			children = (
				F0892A9720A757F200A1120D /* SwitchBoard.swift */,
				F003D5A320BAB8BD00D046B2 /* Repair.swift */,
				F0F2E46320CADC700016F630 /* RepairActions.swift */,
			);
			path = model;
			sourceTree = "<group>";
		};
		F0234DAD20BF5518004AF740 /* components */ = {
			isa = PBXGroup;
			children = (
				F0892A9C20A8C8BD00A1120D /* RoundedButton.swift */,
			);
			path = components;
			sourceTree = "<group>";
		};
		F0234DAE20BF5528004AF740 /* views */ = {
			isa = PBXGroup;
			children = (
				F0D69BFE206D02C500581344 /* ARViewController.swift */,
				F0234DB120BF5779004AF740 /* MainARViewController.swift */,
				F0B8614020CFFD9300C0D8C9 /* MenuPopoverViewController.swift */,
				F0892A9E20A8CC4600A1120D /* TitleViewController.swift */,
				F0234DB920C0A052004AF740 /* ChoiceViewController.swift */,
				F0234DAF20BF555A004AF740 /* NavigationViewController.swift */,
				F069FA2720C434FD00708CA8 /* BlurTitleViewController.swift */,
			);
			path = views;
			sourceTree = "<group>";
		};
		F0892A9B20A8497F00A1120D /* fonts */ = {
			isa = PBXGroup;
			children = (
				F0892A9920A8497A00A1120D /* FredokaOne-Regular.ttf */,
			);
			path = fonts;
			sourceTree = "<group>";
		};
		F0D69BEE206D02C500581344 = {
			isa = PBXGroup;
			children = (
				F0F6649E20A652C400352698 /* README.md */,
				F0B2CD4720A602B700A225E9 /* .gitignore */,
				F0892A9520A74EC000A1120D /* tableau-cropped.jpg */,
				F0D69BF9206D02C500581344 /* RepAR */,
				F0D69BF8206D02C500581344 /* Products */,
			);
			sourceTree = "<group>";
		};
		F0D69BF8206D02C500581344 /* Products */ = {
			isa = PBXGroup;
			children = (
				F0D69BF7206D02C500581344 /* RepAR.app */,
			);
			name = Products;
			sourceTree = "<group>";
		};
		F0D69BF9206D02C500581344 /* RepAR */ = {
			isa = PBXGroup;
			children = (
				F0D69BFA206D02C500581344 /* AppDelegate.swift */,
				F0234DAC20BF54F7004AF740 /* model */,
				F0234DAD20BF5518004AF740 /* components */,
				F0234DAE20BF5528004AF740 /* views */,
				F08F02FA20963364007AAC48 /* Extensions.swift */,
				F0234DB520BF65CD004AF740 /* ScaledFont.swift */,
				F0234DB720BF6972004AF740 /* EdgeInsetLabel.swift */,
				F0D69C00206D02C500581344 /* Main.storyboard */,
				F0D69C05206D02C500581344 /* LaunchScreen.storyboard */,
				F04D5B8B2097DB38001A3570 /* Assets.xcassets */,
				F0D69BFC206D02C500581344 /* art.scnassets */,
				F0D69C08206D02C500581344 /* Info.plist */,
				F0234DB320BF6514004AF740 /* fredokaFont.plist */,
				F0892A9B20A8497F00A1120D /* fonts */,
			);
			path = RepAR;
			sourceTree = "<group>";
		};
/* End PBXGroup section */

/* Begin PBXNativeTarget section */
		F0D69BF6206D02C500581344 /* RepAR */ = {
			isa = PBXNativeTarget;
			buildConfigurationList = F0D69C0B206D02C500581344 /* Build configuration list for PBXNativeTarget "RepAR" */;
			buildPhases = (
				F0D69BF3206D02C500581344 /* Sources */,
				F0D69BF4206D02C500581344 /* Frameworks */,
				F0D69BF5206D02C500581344 /* Resources */,
			);
			buildRules = (
			);
			dependencies = (
			);
			name = RepAR;
			productName = RepAR;
			productReference = F0D69BF7206D02C500581344 /* RepAR.app */;
			productType = "com.apple.product-type.application";
		};
/* End PBXNativeTarget section */

/* Begin PBXProject section */
		F0D69BEF206D02C500581344 /* Project object */ = {
			isa = PBXProject;
			attributes = {
				LastSwiftUpdateCheck = 0920;
				LastUpgradeCheck = 0930;
				ORGANIZATIONNAME = ARFive;
				TargetAttributes = {
					F0D69BF6206D02C500581344 = {
						CreatedOnToolsVersion = 9.2;
						LastSwiftMigration = 0920;
						ProvisioningStyle = Automatic;
					};
				};
			};
			buildConfigurationList = F0D69BF2206D02C500581344 /* Build configuration list for PBXProject "RepAR" */;
			compatibilityVersion = "Xcode 8.0";
			developmentRegion = en;
			hasScannedForEncodings = 0;
			knownRegions = (
				en,
				Base,
			);
			mainGroup = F0D69BEE206D02C500581344;
			productRefGroup = F0D69BF8206D02C500581344 /* Products */;
			projectDirPath = "";
			projectRoot = "";
			targets = (
				F0D69BF6206D02C500581344 /* RepAR */,
			);
		};
/* End PBXProject section */

/* Begin PBXResourcesBuildPhase section */
		F0D69BF5206D02C500581344 /* Resources */ = {
			isa = PBXResourcesBuildPhase;
			buildActionMask = 2147483647;
			files = (
				F0B2CD4820A602B700A225E9 /* .gitignore in Resources */,
				F0D69BFD206D02C500581344 /* art.scnassets in Resources */,
				F0892A9620A74EC100A1120D /* tableau-cropped.jpg in Resources */,
				F0D69C07206D02C500581344 /* LaunchScreen.storyboard in Resources */,
				F0234DB420BF6514004AF740 /* fredokaFont.plist in Resources */,
				F0892A9A20A8497B00A1120D /* FredokaOne-Regular.ttf in Resources */,
				F04D5B8C2097DB38001A3570 /* Assets.xcassets in Resources */,
				F0D69C02206D02C500581344 /* Main.storyboard in Resources */,
			);
			runOnlyForDeploymentPostprocessing = 0;
		};
/* End PBXResourcesBuildPhase section */

/* Begin PBXSourcesBuildPhase section */
		F0D69BF3206D02C500581344 /* Sources */ = {
			isa = PBXSourcesBuildPhase;
			buildActionMask = 2147483647;
			files = (
				F0D69BFF206D02C500581344 /* ARViewController.swift in Sources */,
				F0892A9D20A8C8BD00A1120D /* RoundedButton.swift in Sources */,
				F0F2E46420CADC700016F630 /* RepairActions.swift in Sources */,
				F0234DB820BF6972004AF740 /* EdgeInsetLabel.swift in Sources */,
				F069FA2820C434FD00708CA8 /* BlurTitleViewController.swift in Sources */,
				F003D5A420BAB8BD00D046B2 /* Repair.swift in Sources */,
				F0234DB620BF65CD004AF740 /* ScaledFont.swift in Sources */,
				F08F02FB20963364007AAC48 /* Extensions.swift in Sources */,
				F0892A9820A757F200A1120D /* SwitchBoard.swift in Sources */,
				F0234DB220BF5779004AF740 /* MainARViewController.swift in Sources */,
				F0234DBA20C0A052004AF740 /* ChoiceViewController.swift in Sources */,
				F0234DB020BF555A004AF740 /* NavigationViewController.swift in Sources */,
				F0D69BFB206D02C500581344 /* AppDelegate.swift in Sources */,
				F0B8614120CFFD9300C0D8C9 /* MenuPopoverViewController.swift in Sources */,
				F0892A9F20A8CC4600A1120D /* TitleViewController.swift in Sources */,
			);
			runOnlyForDeploymentPostprocessing = 0;
		};
/* End PBXSourcesBuildPhase section */

/* Begin PBXVariantGroup section */
		F0D69C00206D02C500581344 /* Main.storyboard */ = {
			isa = PBXVariantGroup;
			children = (
				F0D69C01206D02C500581344 /* Base */,
			);
			name = Main.storyboard;
			sourceTree = "<group>";
		};
		F0D69C05206D02C500581344 /* LaunchScreen.storyboard */ = {
			isa = PBXVariantGroup;
			children = (
				F0D69C06206D02C500581344 /* Base */,
			);
			name = LaunchScreen.storyboard;
			sourceTree = "<group>";
		};
/* End PBXVariantGroup section */

/* Begin XCBuildConfiguration section */
		F0D69C09206D02C500581344 /* Debug */ = {
			isa = XCBuildConfiguration;
			buildSettings = {
				ALWAYS_SEARCH_USER_PATHS = NO;
				CLANG_ANALYZER_NONNULL = YES;
				CLANG_ANALYZER_NUMBER_OBJECT_CONVERSION = YES_AGGRESSIVE;
				CLANG_CXX_LANGUAGE_STANDARD = "gnu++14";
				CLANG_CXX_LIBRARY = "libc++";
				CLANG_ENABLE_MODULES = YES;
				CLANG_ENABLE_OBJC_ARC = YES;
				CLANG_WARN_BLOCK_CAPTURE_AUTORELEASING = YES;
				CLANG_WARN_BOOL_CONVERSION = YES;
				CLANG_WARN_COMMA = YES;
				CLANG_WARN_CONSTANT_CONVERSION = YES;
				CLANG_WARN_DEPRECATED_OBJC_IMPLEMENTATIONS = YES;
				CLANG_WARN_DIRECT_OBJC_ISA_USAGE = YES_ERROR;
				CLANG_WARN_DOCUMENTATION_COMMENTS = YES;
				CLANG_WARN_EMPTY_BODY = YES;
				CLANG_WARN_ENUM_CONVERSION = YES;
				CLANG_WARN_INFINITE_RECURSION = YES;
				CLANG_WARN_INT_CONVERSION = YES;
				CLANG_WARN_NON_LITERAL_NULL_CONVERSION = YES;
				CLANG_WARN_OBJC_IMPLICIT_RETAIN_SELF = YES;
				CLANG_WARN_OBJC_LITERAL_CONVERSION = YES;
				CLANG_WARN_OBJC_ROOT_CLASS = YES_ERROR;
				CLANG_WARN_RANGE_LOOP_ANALYSIS = YES;
				CLANG_WARN_STRICT_PROTOTYPES = YES;
				CLANG_WARN_SUSPICIOUS_MOVE = YES;
				CLANG_WARN_UNGUARDED_AVAILABILITY = YES_AGGRESSIVE;
				CLANG_WARN_UNREACHABLE_CODE = YES;
				CLANG_WARN__DUPLICATE_METHOD_MATCH = YES;
				CODE_SIGN_IDENTITY = "iPhone Developer";
				COPY_PHASE_STRIP = NO;
				DEBUG_INFORMATION_FORMAT = dwarf;
				ENABLE_STRICT_OBJC_MSGSEND = YES;
				ENABLE_TESTABILITY = YES;
				GCC_C_LANGUAGE_STANDARD = gnu11;
				GCC_DYNAMIC_NO_PIC = NO;
				GCC_NO_COMMON_BLOCKS = YES;
				GCC_OPTIMIZATION_LEVEL = 0;
				GCC_PREPROCESSOR_DEFINITIONS = (
					"DEBUG=1",
					"$(inherited)",
				);
				GCC_WARN_64_TO_32_BIT_CONVERSION = YES;
				GCC_WARN_ABOUT_RETURN_TYPE = YES_ERROR;
				GCC_WARN_UNDECLARED_SELECTOR = YES;
				GCC_WARN_UNINITIALIZED_AUTOS = YES_AGGRESSIVE;
				GCC_WARN_UNUSED_FUNCTION = YES;
				GCC_WARN_UNUSED_VARIABLE = YES;
				IPHONEOS_DEPLOYMENT_TARGET = 11.2;
				MTL_ENABLE_DEBUG_INFO = YES;
				ONLY_ACTIVE_ARCH = YES;
				SDKROOT = iphoneos;
				SWIFT_ACTIVE_COMPILATION_CONDITIONS = DEBUG;
				SWIFT_OPTIMIZATION_LEVEL = "-Onone";
			};
			name = Debug;
		};
		F0D69C0A206D02C500581344 /* Release */ = {
			isa = XCBuildConfiguration;
			buildSettings = {
				ALWAYS_SEARCH_USER_PATHS = NO;
				CLANG_ANALYZER_NONNULL = YES;
				CLANG_ANALYZER_NUMBER_OBJECT_CONVERSION = YES_AGGRESSIVE;
				CLANG_CXX_LANGUAGE_STANDARD = "gnu++14";
				CLANG_CXX_LIBRARY = "libc++";
				CLANG_ENABLE_MODULES = YES;
				CLANG_ENABLE_OBJC_ARC = YES;
				CLANG_WARN_BLOCK_CAPTURE_AUTORELEASING = YES;
				CLANG_WARN_BOOL_CONVERSION = YES;
				CLANG_WARN_COMMA = YES;
				CLANG_WARN_CONSTANT_CONVERSION = YES;
				CLANG_WARN_DEPRECATED_OBJC_IMPLEMENTATIONS = YES;
				CLANG_WARN_DIRECT_OBJC_ISA_USAGE = YES_ERROR;
				CLANG_WARN_DOCUMENTATION_COMMENTS = YES;
				CLANG_WARN_EMPTY_BODY = YES;
				CLANG_WARN_ENUM_CONVERSION = YES;
				CLANG_WARN_INFINITE_RECURSION = YES;
				CLANG_WARN_INT_CONVERSION = YES;
				CLANG_WARN_NON_LITERAL_NULL_CONVERSION = YES;
				CLANG_WARN_OBJC_IMPLICIT_RETAIN_SELF = YES;
				CLANG_WARN_OBJC_LITERAL_CONVERSION = YES;
				CLANG_WARN_OBJC_ROOT_CLASS = YES_ERROR;
				CLANG_WARN_RANGE_LOOP_ANALYSIS = YES;
				CLANG_WARN_STRICT_PROTOTYPES = YES;
				CLANG_WARN_SUSPICIOUS_MOVE = YES;
				CLANG_WARN_UNGUARDED_AVAILABILITY = YES_AGGRESSIVE;
				CLANG_WARN_UNREACHABLE_CODE = YES;
				CLANG_WARN__DUPLICATE_METHOD_MATCH = YES;
				CODE_SIGN_IDENTITY = "iPhone Developer";
				COPY_PHASE_STRIP = NO;
				DEBUG_INFORMATION_FORMAT = "dwarf-with-dsym";
				ENABLE_NS_ASSERTIONS = NO;
				ENABLE_STRICT_OBJC_MSGSEND = YES;
				GCC_C_LANGUAGE_STANDARD = gnu11;
				GCC_NO_COMMON_BLOCKS = YES;
				GCC_WARN_64_TO_32_BIT_CONVERSION = YES;
				GCC_WARN_ABOUT_RETURN_TYPE = YES_ERROR;
				GCC_WARN_UNDECLARED_SELECTOR = YES;
				GCC_WARN_UNINITIALIZED_AUTOS = YES_AGGRESSIVE;
				GCC_WARN_UNUSED_FUNCTION = YES;
				GCC_WARN_UNUSED_VARIABLE = YES;
				IPHONEOS_DEPLOYMENT_TARGET = 11.2;
				MTL_ENABLE_DEBUG_INFO = NO;
				SDKROOT = iphoneos;
				SWIFT_OPTIMIZATION_LEVEL = "-Owholemodule";
				VALIDATE_PRODUCT = YES;
			};
			name = Release;
		};
		F0D69C0C206D02C500581344 /* Debug */ = {
			isa = XCBuildConfiguration;
			buildSettings = {
				ASSETCATALOG_COMPILER_APPICON_NAME = AppIcon;
				CLANG_ENABLE_MODULES = NO;
				CODE_SIGN_STYLE = Automatic;
				DEVELOPMENT_TEAM = QW94L64KD7;
				FRAMEWORK_SEARCH_PATHS = "$(inherited)";
				GCC_PREFIX_HEADER = "$(SRCROOT)/PrefixHeader.pch";
				HEADER_SEARCH_PATHS = "$()";
				INFOPLIST_FILE = RepAR/Info.plist;
				IPHONEOS_DEPLOYMENT_TARGET = 11.3;
				LD_RUNPATH_SEARCH_PATHS = "$(inherited) @executable_path/Frameworks";
				PRODUCT_BUNDLE_IDENTIFIER = com.arfive.RepAR;
				PRODUCT_NAME = "$(TARGET_NAME)";
				SWIFT_INSTALL_OBJC_HEADER = NO;
				SWIFT_OBJC_BRIDGING_HEADER = "";
				SWIFT_OBJC_INTERFACE_HEADER_NAME = "";
				SWIFT_OPTIMIZATION_LEVEL = "-Onone";
				SWIFT_PRECOMPILE_BRIDGING_HEADER = NO;
				SWIFT_VERSION = 4.0;
				TARGETED_DEVICE_FAMILY = "1,2";
			};
			name = Debug;
		};
		F0D69C0D206D02C500581344 /* Release */ = {
			isa = XCBuildConfiguration;
			buildSettings = {
				ASSETCATALOG_COMPILER_APPICON_NAME = AppIcon;
				CLANG_ENABLE_MODULES = NO;
				CODE_SIGN_STYLE = Automatic;
				DEVELOPMENT_TEAM = QW94L64KD7;
				FRAMEWORK_SEARCH_PATHS = "$(inherited)";
				GCC_PREFIX_HEADER = "$(SRCROOT)/PrefixHeader.pch";
				HEADER_SEARCH_PATHS = "$()";
				INFOPLIST_FILE = RepAR/Info.plist;
				IPHONEOS_DEPLOYMENT_TARGET = 11.3;
				LD_RUNPATH_SEARCH_PATHS = "$(inherited) @executable_path/Frameworks";
				PRODUCT_BUNDLE_IDENTIFIER = com.arfive.RepAR;
				PRODUCT_NAME = "$(TARGET_NAME)";
				SWIFT_INSTALL_OBJC_HEADER = NO;
				SWIFT_OBJC_BRIDGING_HEADER = "";
				SWIFT_OBJC_INTERFACE_HEADER_NAME = "";
				SWIFT_PRECOMPILE_BRIDGING_HEADER = NO;
				SWIFT_VERSION = 4.0;
				TARGETED_DEVICE_FAMILY = "1,2";
			};
			name = Release;
		};
/* End XCBuildConfiguration section */

/* Begin XCConfigurationList section */
		F0D69BF2206D02C500581344 /* Build configuration list for PBXProject "RepAR" */ = {
			isa = XCConfigurationList;
			buildConfigurations = (
				F0D69C09206D02C500581344 /* Debug */,
				F0D69C0A206D02C500581344 /* Release */,
			);
			defaultConfigurationIsVisible = 0;
			defaultConfigurationName = Release;
		};
		F0D69C0B206D02C500581344 /* Build configuration list for PBXNativeTarget "RepAR" */ = {
			isa = XCConfigurationList;
			buildConfigurations = (
				F0D69C0C206D02C500581344 /* Debug */,
				F0D69C0D206D02C500581344 /* Release */,
			);
			defaultConfigurationIsVisible = 0;
			defaultConfigurationName = Release;
		};
/* End XCConfigurationList section */
	};
	rootObject = F0D69BEF206D02C500581344 /* Project object */;
}
