// !$*UTF8*$!
{
	archiveVersion = 1;
	classes = {
	};
	objectVersion = 48;
	objects = {

/* Begin PBXBuildFile section */
		F04D5B8A2097DB2B001A3570 /* PreviewViewController.swift in Sources */ = {isa = PBXBuildFile; fileRef = F04D5B892097DB2B001A3570 /* PreviewViewController.swift */; };
		F04D5B8C2097DB38001A3570 /* Assets.xcassets in Resources */ = {isa = PBXBuildFile; fileRef = F04D5B8B2097DB38001A3570 /* Assets.xcassets */; };
		F08F02FB20963364007AAC48 /* Helpers.swift in Sources */ = {isa = PBXBuildFile; fileRef = F08F02FA20963364007AAC48 /* Helpers.swift */; };
		F09B7449206EA99200192845 /* FrameExtractor.swift in Sources */ = {isa = PBXBuildFile; fileRef = F09B7448206EA99200192845 /* FrameExtractor.swift */; };
		F0A5BAD0206E883F003864E8 /* opencv2.framework in Frameworks */ = {isa = PBXBuildFile; fileRef = F0A5BACF206E883F003864E8 /* opencv2.framework */; };
		F0A5BAD7206E898C003864E8 /* CVWrapper.mm in Sources */ = {isa = PBXBuildFile; fileRef = F0A5BAD6206E898C003864E8 /* CVWrapper.mm */; };
		F0B2CD4820A602B700A225E9 /* .gitignore in Resources */ = {isa = PBXBuildFile; fileRef = F0B2CD4720A602B700A225E9 /* .gitignore */; };
		F0D69BFB206D02C500581344 /* AppDelegate.swift in Sources */ = {isa = PBXBuildFile; fileRef = F0D69BFA206D02C500581344 /* AppDelegate.swift */; };
		F0D69BFD206D02C500581344 /* art.scnassets in Resources */ = {isa = PBXBuildFile; fileRef = F0D69BFC206D02C500581344 /* art.scnassets */; };
		F0D69BFF206D02C500581344 /* ARViewController.swift in Sources */ = {isa = PBXBuildFile; fileRef = F0D69BFE206D02C500581344 /* ARViewController.swift */; };
		F0D69C02206D02C500581344 /* Main.storyboard in Resources */ = {isa = PBXBuildFile; fileRef = F0D69C00206D02C500581344 /* Main.storyboard */; };
		F0D69C07206D02C500581344 /* LaunchScreen.storyboard in Resources */ = {isa = PBXBuildFile; fileRef = F0D69C05206D02C500581344 /* LaunchScreen.storyboard */; };
/* End PBXBuildFile section */

/* Begin PBXFileReference section */
		F04D5B892097DB2B001A3570 /* PreviewViewController.swift */ = {isa = PBXFileReference; lastKnownFileType = sourcecode.swift; path = PreviewViewController.swift; sourceTree = "<group>"; };
		F04D5B8B2097DB38001A3570 /* Assets.xcassets */ = {isa = PBXFileReference; lastKnownFileType = folder.assetcatalog; path = Assets.xcassets; sourceTree = "<group>"; };
		F08F02FA20963364007AAC48 /* Helpers.swift */ = {isa = PBXFileReference; lastKnownFileType = sourcecode.swift; path = Helpers.swift; sourceTree = "<group>"; };
		F09B7448206EA99200192845 /* FrameExtractor.swift */ = {isa = PBXFileReference; lastKnownFileType = sourcecode.swift; path = FrameExtractor.swift; sourceTree = "<group>"; };
		F0A5BACF206E883F003864E8 /* opencv2.framework */ = {isa = PBXFileReference; lastKnownFileType = wrapper.framework; path = opencv2.framework; sourceTree = "<group>"; };
		F0A5BAD4206E898C003864E8 /* RepAR-Bridging-Header.h */ = {isa = PBXFileReference; lastKnownFileType = sourcecode.c.h; path = "RepAR-Bridging-Header.h"; sourceTree = "<group>"; };
		F0A5BAD5206E898C003864E8 /* CVWrapper.h */ = {isa = PBXFileReference; explicitFileType = sourcecode.cpp.h; path = CVWrapper.h; sourceTree = "<group>"; };
		F0A5BAD6206E898C003864E8 /* CVWrapper.mm */ = {isa = PBXFileReference; explicitFileType = sourcecode.cpp.objcpp; path = CVWrapper.mm; sourceTree = "<group>"; };
		F0A5BAD8206E8AAE003864E8 /* PrefixHeader.pch */ = {isa = PBXFileReference; lastKnownFileType = sourcecode.c.h; path = PrefixHeader.pch; sourceTree = "<group>"; };
		F0B2CD4720A602B700A225E9 /* .gitignore */ = {isa = PBXFileReference; lastKnownFileType = text; path = .gitignore; sourceTree = "<group>"; };
		F0D69BF7206D02C500581344 /* RepAR.app */ = {isa = PBXFileReference; explicitFileType = wrapper.application; includeInIndex = 0; path = RepAR.app; sourceTree = BUILT_PRODUCTS_DIR; };
		F0D69BFA206D02C500581344 /* AppDelegate.swift */ = {isa = PBXFileReference; lastKnownFileType = sourcecode.swift; path = AppDelegate.swift; sourceTree = "<group>"; };
		F0D69BFC206D02C500581344 /* art.scnassets */ = {isa = PBXFileReference; lastKnownFileType = wrapper.scnassets; path = art.scnassets; sourceTree = "<group>"; };
		F0D69BFE206D02C500581344 /* ARViewController.swift */ = {isa = PBXFileReference; lastKnownFileType = sourcecode.swift; path = ARViewController.swift; sourceTree = "<group>"; };
		F0D69C01206D02C500581344 /* Base */ = {isa = PBXFileReference; lastKnownFileType = file.storyboard; name = Base; path = Base.lproj/Main.storyboard; sourceTree = "<group>"; };
		F0D69C06206D02C500581344 /* Base */ = {isa = PBXFileReference; lastKnownFileType = file.storyboard; name = Base; path = Base.lproj/LaunchScreen.storyboard; sourceTree = "<group>"; };
		F0D69C08206D02C500581344 /* Info.plist */ = {isa = PBXFileReference; lastKnownFileType = text.plist.xml; path = Info.plist; sourceTree = "<group>"; };
		F0F6649E20A652C400352698 /* README.md */ = {isa = PBXFileReference; lastKnownFileType = net.daringfireball.markdown; name = README.md; path = "/Users/Guillaume/Documents/Scolaire/A3/project/RepAR-opencv/README.md"; sourceTree = "<absolute>"; };
/* End PBXFileReference section */

/* Begin PBXFrameworksBuildPhase section */
		F0D69BF4206D02C500581344 /* Frameworks */ = {
			isa = PBXFrameworksBuildPhase;
			buildActionMask = 2147483647;
			files = (
				F0A5BAD0206E883F003864E8 /* opencv2.framework in Frameworks */,
			);
			runOnlyForDeploymentPostprocessing = 0;
		};
/* End PBXFrameworksBuildPhase section */

/* Begin PBXGroup section */
		F08C7FE2206E875A001D63AC /* Frameworks */ = {
			isa = PBXGroup;
			children = (
				F0A5BACF206E883F003864E8 /* opencv2.framework */,
			);
			path = Frameworks;
			sourceTree = "<group>";
		};
		F08F02F920961D88007AAC48 /* lib */ = {
			isa = PBXGroup;
			children = (
				F08F02FA20963364007AAC48 /* Helpers.swift */,
				F09B7448206EA99200192845 /* FrameExtractor.swift */,
			);
			path = lib;
			sourceTree = "<group>";
		};
		F0D69BEE206D02C500581344 = {
			isa = PBXGroup;
			children = (
				F0F6649E20A652C400352698 /* README.md */,
				F0B2CD4720A602B700A225E9 /* .gitignore */,
				F0A5BAD8206E8AAE003864E8 /* PrefixHeader.pch */,
				F0A5BAD5206E898C003864E8 /* CVWrapper.h */,
				F0A5BAD6206E898C003864E8 /* CVWrapper.mm */,
				F0A5BAD4206E898C003864E8 /* RepAR-Bridging-Header.h */,
				F08C7FE2206E875A001D63AC /* Frameworks */,
				F0D69BF9206D02C500581344 /* RepAR */,
				F0D69BF8206D02C500581344 /* Products */,
			);
			sourceTree = "<group>";
		};
		F0D69BF8206D02C500581344 /* Products */ = {
			isa = PBXGroup;
			children = (
				F0D69BF7206D02C500581344 /* RepAR.app */,
			);
			name = Products;
			sourceTree = "<group>";
		};
		F0D69BF9206D02C500581344 /* RepAR */ = {
			isa = PBXGroup;
			children = (
				F0D69BFA206D02C500581344 /* AppDelegate.swift */,
				F0D69BFE206D02C500581344 /* ARViewController.swift */,
				F04D5B892097DB2B001A3570 /* PreviewViewController.swift */,
				F0D69C00206D02C500581344 /* Main.storyboard */,
				F0D69C05206D02C500581344 /* LaunchScreen.storyboard */,
				F04D5B8B2097DB38001A3570 /* Assets.xcassets */,
				F0D69BFC206D02C500581344 /* art.scnassets */,
				F0D69C08206D02C500581344 /* Info.plist */,
				F08F02F920961D88007AAC48 /* lib */,
			);
			path = RepAR;
			sourceTree = "<group>";
		};
/* End PBXGroup section */

/* Begin PBXNativeTarget section */
		F0D69BF6206D02C500581344 /* RepAR */ = {
			isa = PBXNativeTarget;
			buildConfigurationList = F0D69C0B206D02C500581344 /* Build configuration list for PBXNativeTarget "RepAR" */;
			buildPhases = (
				F0D69BF3206D02C500581344 /* Sources */,
				F0D69BF4206D02C500581344 /* Frameworks */,
				F0D69BF5206D02C500581344 /* Resources */,
			);
			buildRules = (
			);
			dependencies = (
			);
			name = RepAR;
			productName = RepAR;
			productReference = F0D69BF7206D02C500581344 /* RepAR.app */;
			productType = "com.apple.product-type.application";
		};
/* End PBXNativeTarget section */

/* Begin PBXProject section */
		F0D69BEF206D02C500581344 /* Project object */ = {
			isa = PBXProject;
			attributes = {
				LastSwiftUpdateCheck = 0920;
				LastUpgradeCheck = 0920;
				ORGANIZATIONNAME = ARFive;
				TargetAttributes = {
					F0D69BF6206D02C500581344 = {
						CreatedOnToolsVersion = 9.2;
						LastSwiftMigration = 0920;
						ProvisioningStyle = Automatic;
					};
				};
			};
			buildConfigurationList = F0D69BF2206D02C500581344 /* Build configuration list for PBXProject "RepAR" */;
			compatibilityVersion = "Xcode 8.0";
			developmentRegion = en;
			hasScannedForEncodings = 0;
			knownRegions = (
				en,
				Base,
			);
			mainGroup = F0D69BEE206D02C500581344;
			productRefGroup = F0D69BF8206D02C500581344 /* Products */;
			projectDirPath = "";
			projectRoot = "";
			targets = (
				F0D69BF6206D02C500581344 /* RepAR */,
			);
		};
/* End PBXProject section */

/* Begin PBXResourcesBuildPhase section */
		F0D69BF5206D02C500581344 /* Resources */ = {
			isa = PBXResourcesBuildPhase;
			buildActionMask = 2147483647;
			files = (
				F0B2CD4820A602B700A225E9 /* .gitignore in Resources */,
				F0D69BFD206D02C500581344 /* art.scnassets in Resources */,
				F0D69C07206D02C500581344 /* LaunchScreen.storyboard in Resources */,
				F04D5B8C2097DB38001A3570 /* Assets.xcassets in Resources */,
				F0D69C02206D02C500581344 /* Main.storyboard in Resources */,
			);
			runOnlyForDeploymentPostprocessing = 0;
		};
/* End PBXResourcesBuildPhase section */

/* Begin PBXSourcesBuildPhase section */
		F0D69BF3206D02C500581344 /* Sources */ = {
			isa = PBXSourcesBuildPhase;
			buildActionMask = 2147483647;
			files = (
				F0D69BFF206D02C500581344 /* ARViewController.swift in Sources */,
				F0A5BAD7206E898C003864E8 /* CVWrapper.mm in Sources */,
				F09B7449206EA99200192845 /* FrameExtractor.swift in Sources */,
				F08F02FB20963364007AAC48 /* Helpers.swift in Sources */,
				F0D69BFB206D02C500581344 /* AppDelegate.swift in Sources */,
				F04D5B8A2097DB2B001A3570 /* PreviewViewController.swift in Sources */,
			);
			runOnlyForDeploymentPostprocessing = 0;
		};
/* End PBXSourcesBuildPhase section */

/* Begin PBXVariantGroup section */
		F0D69C00206D02C500581344 /* Main.storyboard */ = {
			isa = PBXVariantGroup;
			children = (
				F0D69C01206D02C500581344 /* Base */,
			);
			name = Main.storyboard;
			sourceTree = "<group>";
		};
		F0D69C05206D02C500581344 /* LaunchScreen.storyboard */ = {
			isa = PBXVariantGroup;
			children = (
				F0D69C06206D02C500581344 /* Base */,
			);
			name = LaunchScreen.storyboard;
			sourceTree = "<group>";
		};
/* End PBXVariantGroup section */

/* Begin XCBuildConfiguration section */
		F0D69C09206D02C500581344 /* Debug */ = {
			isa = XCBuildConfiguration;
			buildSettings = {
				ALWAYS_SEARCH_USER_PATHS = NO;
				CLANG_ANALYZER_NONNULL = YES;
				CLANG_ANALYZER_NUMBER_OBJECT_CONVERSION = YES_AGGRESSIVE;
				CLANG_CXX_LANGUAGE_STANDARD = "gnu++14";
				CLANG_CXX_LIBRARY = "libc++";
				CLANG_ENABLE_MODULES = YES;
				CLANG_ENABLE_OBJC_ARC = YES;
				CLANG_WARN_BLOCK_CAPTURE_AUTORELEASING = YES;
				CLANG_WARN_BOOL_CONVERSION = YES;
				CLANG_WARN_COMMA = YES;
				CLANG_WARN_CONSTANT_CONVERSION = YES;
				CLANG_WARN_DIRECT_OBJC_ISA_USAGE = YES_ERROR;
				CLANG_WARN_DOCUMENTATION_COMMENTS = YES;
				CLANG_WARN_EMPTY_BODY = YES;
				CLANG_WARN_ENUM_CONVERSION = YES;
				CLANG_WARN_INFINITE_RECURSION = YES;
				CLANG_WARN_INT_CONVERSION = YES;
				CLANG_WARN_NON_LITERAL_NULL_CONVERSION = YES;
				CLANG_WARN_OBJC_LITERAL_CONVERSION = YES;
				CLANG_WARN_OBJC_ROOT_CLASS = YES_ERROR;
				CLANG_WARN_RANGE_LOOP_ANALYSIS = YES;
				CLANG_WARN_STRICT_PROTOTYPES = YES;
				CLANG_WARN_SUSPICIOUS_MOVE = YES;
				CLANG_WARN_UNGUARDED_AVAILABILITY = YES_AGGRESSIVE;
				CLANG_WARN_UNREACHABLE_CODE = YES;
				CLANG_WARN__DUPLICATE_METHOD_MATCH = YES;
				CODE_SIGN_IDENTITY = "iPhone Developer";
				COPY_PHASE_STRIP = NO;
				DEBUG_INFORMATION_FORMAT = dwarf;
				ENABLE_STRICT_OBJC_MSGSEND = YES;
				ENABLE_TESTABILITY = YES;
				GCC_C_LANGUAGE_STANDARD = gnu11;
				GCC_DYNAMIC_NO_PIC = NO;
				GCC_NO_COMMON_BLOCKS = YES;
				GCC_OPTIMIZATION_LEVEL = 0;
				GCC_PREPROCESSOR_DEFINITIONS = (
					"DEBUG=1",
					"$(inherited)",
				);
				GCC_WARN_64_TO_32_BIT_CONVERSION = YES;
				GCC_WARN_ABOUT_RETURN_TYPE = YES_ERROR;
				GCC_WARN_UNDECLARED_SELECTOR = YES;
				GCC_WARN_UNINITIALIZED_AUTOS = YES_AGGRESSIVE;
				GCC_WARN_UNUSED_FUNCTION = YES;
				GCC_WARN_UNUSED_VARIABLE = YES;
				IPHONEOS_DEPLOYMENT_TARGET = 11.2;
				MTL_ENABLE_DEBUG_INFO = YES;
				ONLY_ACTIVE_ARCH = YES;
				SDKROOT = iphoneos;
				SWIFT_ACTIVE_COMPILATION_CONDITIONS = DEBUG;
				SWIFT_OPTIMIZATION_LEVEL = "-Onone";
			};
			name = Debug;
		};
		F0D69C0A206D02C500581344 /* Release */ = {
			isa = XCBuildConfiguration;
			buildSettings = {
				ALWAYS_SEARCH_USER_PATHS = NO;
				CLANG_ANALYZER_NONNULL = YES;
				CLANG_ANALYZER_NUMBER_OBJECT_CONVERSION = YES_AGGRESSIVE;
				CLANG_CXX_LANGUAGE_STANDARD = "gnu++14";
				CLANG_CXX_LIBRARY = "libc++";
				CLANG_ENABLE_MODULES = YES;
				CLANG_ENABLE_OBJC_ARC = YES;
				CLANG_WARN_BLOCK_CAPTURE_AUTORELEASING = YES;
				CLANG_WARN_BOOL_CONVERSION = YES;
				CLANG_WARN_COMMA = YES;
				CLANG_WARN_CONSTANT_CONVERSION = YES;
				CLANG_WARN_DIRECT_OBJC_ISA_USAGE = YES_ERROR;
				CLANG_WARN_DOCUMENTATION_COMMENTS = YES;
				CLANG_WARN_EMPTY_BODY = YES;
				CLANG_WARN_ENUM_CONVERSION = YES;
				CLANG_WARN_INFINITE_RECURSION = YES;
				CLANG_WARN_INT_CONVERSION = YES;
				CLANG_WARN_NON_LITERAL_NULL_CONVERSION = YES;
				CLANG_WARN_OBJC_LITERAL_CONVERSION = YES;
				CLANG_WARN_OBJC_ROOT_CLASS = YES_ERROR;
				CLANG_WARN_RANGE_LOOP_ANALYSIS = YES;
				CLANG_WARN_STRICT_PROTOTYPES = YES;
				CLANG_WARN_SUSPICIOUS_MOVE = YES;
				CLANG_WARN_UNGUARDED_AVAILABILITY = YES_AGGRESSIVE;
				CLANG_WARN_UNREACHABLE_CODE = YES;
				CLANG_WARN__DUPLICATE_METHOD_MATCH = YES;
				CODE_SIGN_IDENTITY = "iPhone Developer";
				COPY_PHASE_STRIP = NO;
				DEBUG_INFORMATION_FORMAT = "dwarf-with-dsym";
				ENABLE_NS_ASSERTIONS = NO;
				ENABLE_STRICT_OBJC_MSGSEND = YES;
				GCC_C_LANGUAGE_STANDARD = gnu11;
				GCC_NO_COMMON_BLOCKS = YES;
				GCC_WARN_64_TO_32_BIT_CONVERSION = YES;
				GCC_WARN_ABOUT_RETURN_TYPE = YES_ERROR;
				GCC_WARN_UNDECLARED_SELECTOR = YES;
				GCC_WARN_UNINITIALIZED_AUTOS = YES_AGGRESSIVE;
				GCC_WARN_UNUSED_FUNCTION = YES;
				GCC_WARN_UNUSED_VARIABLE = YES;
				IPHONEOS_DEPLOYMENT_TARGET = 11.2;
				MTL_ENABLE_DEBUG_INFO = NO;
				SDKROOT = iphoneos;
				SWIFT_OPTIMIZATION_LEVEL = "-Owholemodule";
				VALIDATE_PRODUCT = YES;
			};
			name = Release;
		};
		F0D69C0C206D02C500581344 /* Debug */ = {
			isa = XCBuildConfiguration;
			buildSettings = {
				ASSETCATALOG_COMPILER_APPICON_NAME = AppIcon;
				CLANG_ENABLE_MODULES = YES;
				CODE_SIGN_STYLE = Automatic;
				DEVELOPMENT_TEAM = QW94L64KD7;
				FRAMEWORK_SEARCH_PATHS = (
					"$(inherited)",
					"$(PROJECT_DIR)/Frameworks",
				);
				GCC_PREFIX_HEADER = "$(SRCROOT)/PrefixHeader.pch";
				HEADER_SEARCH_PATHS = "$()";
				INFOPLIST_FILE = RepAR/Info.plist;
				IPHONEOS_DEPLOYMENT_TARGET = 11.3;
				LD_RUNPATH_SEARCH_PATHS = "$(inherited) @executable_path/Frameworks";
				PRODUCT_BUNDLE_IDENTIFIER = com.arfive.RepAR;
				PRODUCT_NAME = "$(TARGET_NAME)";
				SWIFT_OBJC_BRIDGING_HEADER = "RepAR-Bridging-Header.h";
				SWIFT_OPTIMIZATION_LEVEL = "-Onone";
				SWIFT_VERSION = 4.0;
				TARGETED_DEVICE_FAMILY = "1,2";
			};
			name = Debug;
		};
		F0D69C0D206D02C500581344 /* Release */ = {
			isa = XCBuildConfiguration;
			buildSettings = {
				ASSETCATALOG_COMPILER_APPICON_NAME = AppIcon;
				CLANG_ENABLE_MODULES = YES;
				CODE_SIGN_STYLE = Automatic;
				DEVELOPMENT_TEAM = QW94L64KD7;
				FRAMEWORK_SEARCH_PATHS = (
					"$(inherited)",
					"$(PROJECT_DIR)/Frameworks",
				);
				GCC_PREFIX_HEADER = "$(SRCROOT)/PrefixHeader.pch";
				HEADER_SEARCH_PATHS = "$()";
				INFOPLIST_FILE = RepAR/Info.plist;
				IPHONEOS_DEPLOYMENT_TARGET = 11.3;
				LD_RUNPATH_SEARCH_PATHS = "$(inherited) @executable_path/Frameworks";
				PRODUCT_BUNDLE_IDENTIFIER = com.arfive.RepAR;
				PRODUCT_NAME = "$(TARGET_NAME)";
				SWIFT_OBJC_BRIDGING_HEADER = "RepAR-Bridging-Header.h";
				SWIFT_VERSION = 4.0;
				TARGETED_DEVICE_FAMILY = "1,2";
			};
			name = Release;
		};
/* End XCBuildConfiguration section */

/* Begin XCConfigurationList section */
		F0D69BF2206D02C500581344 /* Build configuration list for PBXProject "RepAR" */ = {
			isa = XCConfigurationList;
			buildConfigurations = (
				F0D69C09206D02C500581344 /* Debug */,
				F0D69C0A206D02C500581344 /* Release */,
			);
			defaultConfigurationIsVisible = 0;
			defaultConfigurationName = Release;
		};
		F0D69C0B206D02C500581344 /* Build configuration list for PBXNativeTarget "RepAR" */ = {
			isa = XCConfigurationList;
			buildConfigurations = (
				F0D69C0C206D02C500581344 /* Debug */,
				F0D69C0D206D02C500581344 /* Release */,
			);
			defaultConfigurationIsVisible = 0;
			defaultConfigurationName = Release;
		};
/* End XCConfigurationList section */
	};
	rootObject = F0D69BEF206D02C500581344 /* Project object */;
}
